
Microsoft Visual Studio Solution File, Format Version 11.00
# Visual Studio 2010
Project("{FAE04EC0-301F-11D3-BF4B-00C04F79EFBC}") = "Assembly-CSharp", "Assembly-CSharp.csproj", "{05dcdabe-4265-8d09-a629-360b323f3e7b}"
EndProject
Project("{FAE04EC0-301F-11D3-BF4B-00C04F79EFBC}") = "Assembly-CSharp-Editor", "Assembly-CSharp-Editor.csproj", "{7e031dff-4ce1-daa9-8dda-f1f7ca9a8b04}"
EndProject
Global
	GlobalSection(SolutionConfigurationPlatforms) = preSolution
		Debug|Any CPU = Debug|Any CPU
	EndGlobalSection
	GlobalSection(ProjectConfigurationPlatforms) = postSolution
		{05dcdabe-4265-8d09-a629-360b323f3e7b}.Debug|Any CPU.ActiveCfg = Debug|Any CPU
		{05dcdabe-4265-8d09-a629-360b323f3e7b}.Debug|Any CPU.Build.0 = Debug|Any CPU
		{7e031dff-4ce1-daa9-8dda-f1f7ca9a8b04}.Debug|Any CPU.ActiveCfg = Debug|Any CPU
		{7e031dff-4ce1-daa9-8dda-f1f7ca9a8b04}.Debug|Any CPU.Build.0 = Debug|Any CPU
	EndGlobalSection
	GlobalSection(SolutionProperties) = preSolution
		HideSolutionNode = FALSE
	EndGlobalSection
EndGlobal
